
Microsoft Visual Studio Solution File, Format Version 12.00
Project("{FAE04EC0-301F-11D3-BF4B-00C04F79EFBC}") = "Synonms.RestEasy.Sample.Api", "Synonms.RestEasy.Sample.Api\Synonms.RestEasy.Sample.Api.csproj", "{AE05EA15-38B8-469A-8DAF-6737FA6ADFD9}"
EndProject
Project("{FAE04EC0-301F-11D3-BF4B-00C04F79EFBC}") = "Synonms.RestEasy.WebApi", "Synonms.RestEasy.WebApi\Synonms.RestEasy.WebApi.csproj", "{7E91DA04-A9E5-416E-B37E-B5DB6A49A5A7}"
EndProject
Project("{FAE04EC0-301F-11D3-BF4B-00C04F79EFBC}") = "Synonms.RestEasy.WebApi.Tests.Unit", "Synonms.RestEasy.WebApi.Tests.Unit\Synonms.RestEasy.WebApi.Tests.Unit.csproj", "{DFCC7FAC-B2EF-412B-A565-61F38E94F76A}"
EndProject
Project("{2150E333-8FDC-42A3-9474-1A3956D46DE8}") = "tests", "tests", "{D68717E1-5A69-4034-83DC-7EF50AD48410}"
EndProject
Project("{2150E333-8FDC-42A3-9474-1A3956D46DE8}") = "sample", "sample", "{352F1A04-AC48-4465-A72E-F6F6949A4F3A}"
EndProject
Project("{FAE04EC0-301F-11D3-BF4B-00C04F79EFBC}") = "Synonms.RestEasy.Testing", "Synonms.RestEasy.Testing\Synonms.RestEasy.Testing.csproj", "{5D9A23A2-98D4-4157-A9A0-E2CE2BB7A495}"
EndProject
Project("{FAE04EC0-301F-11D3-BF4B-00C04F79EFBC}") = "Synonms.RestEasy.Testing.EntityFrameworkCore", "Synonms.RestEasy.Testing.EntityFrameworkCore\Synonms.RestEasy.Testing.EntityFrameworkCore.csproj", "{ED6EBD56-4062-4052-9828-CF5E18D93CB7}"
EndProject
Project("{FAE04EC0-301F-11D3-BF4B-00C04F79EFBC}") = "Synonms.RestEasy.EntityFramework", "Synonms.RestEasy.EntityFramework\Synonms.RestEasy.EntityFramework.csproj", "{A8B857E1-0129-41E8-AD88-94179A7D11A1}"
EndProject
Project("{FAE04EC0-301F-11D3-BF4B-00C04F79EFBC}") = "Synonms.RestEasy.Core", "Synonms.RestEasy.Core\Synonms.RestEasy.Core.csproj", "{C587942A-BA1B-4B68-864B-8B55057CB268}"
EndProject
Project("{FAE04EC0-301F-11D3-BF4B-00C04F79EFBC}") = "Synonms.RestEasy.Core.Tests.Unit", "Synonms.RestEasy.Core.Tests.Unit\Synonms.RestEasy.Core.Tests.Unit.csproj", "{A3B26729-063C-4BFB-8F05-37BBD677F09A}"
EndProject
Project("{FAE04EC0-301F-11D3-BF4B-00C04F79EFBC}") = "Synonms.RestEasy.Sample.Api.Tests.Integration", "Synonms.RestEasy.Sample.Api.Tests.Integration\Synonms.RestEasy.Sample.Api.Tests.Integration.csproj", "{9C197440-5FD6-466C-B48D-C937DDEF466B}"
EndProject
Project("{2150E333-8FDC-42A3-9474-1A3956D46DE8}") = "Documentation", "Documentation", "{3EEE281A-9709-4B48-A0C5-FEDA7FE0ECA4}"
	ProjectSection(SolutionItems) = preProject
		readme.md = readme.md
	EndProjectSection
EndProject
Project("{FAE04EC0-301F-11D3-BF4B-00C04F79EFBC}") = "Synonms.RestEasy.Blazor", "Synonms.RestEasy.Blazor\Synonms.RestEasy.Blazor.csproj", "{EB42238C-DD7E-4340-94EC-00EDA64A7A4C}"
EndProject
Global
	GlobalSection(SolutionConfigurationPlatforms) = preSolution
		Debug|Any CPU = Debug|Any CPU
		Release|Any CPU = Release|Any CPU
	EndGlobalSection
	GlobalSection(ProjectConfigurationPlatforms) = postSolution
		{AE05EA15-38B8-469A-8DAF-6737FA6ADFD9}.Debug|Any CPU.ActiveCfg = Debug|Any CPU
		{AE05EA15-38B8-469A-8DAF-6737FA6ADFD9}.Debug|Any CPU.Build.0 = Debug|Any CPU
		{AE05EA15-38B8-469A-8DAF-6737FA6ADFD9}.Release|Any CPU.ActiveCfg = Release|Any CPU
		{AE05EA15-38B8-469A-8DAF-6737FA6ADFD9}.Release|Any CPU.Build.0 = Release|Any CPU
		{7E91DA04-A9E5-416E-B37E-B5DB6A49A5A7}.Debug|Any CPU.ActiveCfg = Debug|Any CPU
		{7E91DA04-A9E5-416E-B37E-B5DB6A49A5A7}.Debug|Any CPU.Build.0 = Debug|Any CPU
		{7E91DA04-A9E5-416E-B37E-B5DB6A49A5A7}.Release|Any CPU.ActiveCfg = Release|Any CPU
		{7E91DA04-A9E5-416E-B37E-B5DB6A49A5A7}.Release|Any CPU.Build.0 = Release|Any CPU
		{DFCC7FAC-B2EF-412B-A565-61F38E94F76A}.Debug|Any CPU.ActiveCfg = Debug|Any CPU
		{DFCC7FAC-B2EF-412B-A565-61F38E94F76A}.Debug|Any CPU.Build.0 = Debug|Any CPU
		{DFCC7FAC-B2EF-412B-A565-61F38E94F76A}.Release|Any CPU.ActiveCfg = Release|Any CPU
		{DFCC7FAC-B2EF-412B-A565-61F38E94F76A}.Release|Any CPU.Build.0 = Release|Any CPU
		{5D9A23A2-98D4-4157-A9A0-E2CE2BB7A495}.Debug|Any CPU.ActiveCfg = Debug|Any CPU
		{5D9A23A2-98D4-4157-A9A0-E2CE2BB7A495}.Debug|Any CPU.Build.0 = Debug|Any CPU
		{5D9A23A2-98D4-4157-A9A0-E2CE2BB7A495}.Release|Any CPU.ActiveCfg = Release|Any CPU
		{5D9A23A2-98D4-4157-A9A0-E2CE2BB7A495}.Release|Any CPU.Build.0 = Release|Any CPU
		{ED6EBD56-4062-4052-9828-CF5E18D93CB7}.Debug|Any CPU.ActiveCfg = Debug|Any CPU
		{ED6EBD56-4062-4052-9828-CF5E18D93CB7}.Debug|Any CPU.Build.0 = Debug|Any CPU
		{ED6EBD56-4062-4052-9828-CF5E18D93CB7}.Release|Any CPU.ActiveCfg = Release|Any CPU
		{ED6EBD56-4062-4052-9828-CF5E18D93CB7}.Release|Any CPU.Build.0 = Release|Any CPU
		{A8B857E1-0129-41E8-AD88-94179A7D11A1}.Debug|Any CPU.ActiveCfg = Debug|Any CPU
		{A8B857E1-0129-41E8-AD88-94179A7D11A1}.Debug|Any CPU.Build.0 = Debug|Any CPU
		{A8B857E1-0129-41E8-AD88-94179A7D11A1}.Release|Any CPU.ActiveCfg = Release|Any CPU
		{A8B857E1-0129-41E8-AD88-94179A7D11A1}.Release|Any CPU.Build.0 = Release|Any CPU
		{C587942A-BA1B-4B68-864B-8B55057CB268}.Debug|Any CPU.ActiveCfg = Debug|Any CPU
		{C587942A-BA1B-4B68-864B-8B55057CB268}.Debug|Any CPU.Build.0 = Debug|Any CPU
		{C587942A-BA1B-4B68-864B-8B55057CB268}.Release|Any CPU.ActiveCfg = Release|Any CPU
		{C587942A-BA1B-4B68-864B-8B55057CB268}.Release|Any CPU.Build.0 = Release|Any CPU
		{A3B26729-063C-4BFB-8F05-37BBD677F09A}.Debug|Any CPU.ActiveCfg = Debug|Any CPU
		{A3B26729-063C-4BFB-8F05-37BBD677F09A}.Debug|Any CPU.Build.0 = Debug|Any CPU
		{A3B26729-063C-4BFB-8F05-37BBD677F09A}.Release|Any CPU.ActiveCfg = Release|Any CPU
		{A3B26729-063C-4BFB-8F05-37BBD677F09A}.Release|Any CPU.Build.0 = Release|Any CPU
		{9C197440-5FD6-466C-B48D-C937DDEF466B}.Debug|Any CPU.ActiveCfg = Debug|Any CPU
		{9C197440-5FD6-466C-B48D-C937DDEF466B}.Debug|Any CPU.Build.0 = Debug|Any CPU
		{9C197440-5FD6-466C-B48D-C937DDEF466B}.Release|Any CPU.ActiveCfg = Release|Any CPU
		{9C197440-5FD6-466C-B48D-C937DDEF466B}.Release|Any CPU.Build.0 = Release|Any CPU
		{EB42238C-DD7E-4340-94EC-00EDA64A7A4C}.Debug|Any CPU.ActiveCfg = Debug|Any CPU
		{EB42238C-DD7E-4340-94EC-00EDA64A7A4C}.Debug|Any CPU.Build.0 = Debug|Any CPU
		{EB42238C-DD7E-4340-94EC-00EDA64A7A4C}.Release|Any CPU.ActiveCfg = Release|Any CPU
		{EB42238C-DD7E-4340-94EC-00EDA64A7A4C}.Release|Any CPU.Build.0 = Release|Any CPU
	EndGlobalSection
	GlobalSection(NestedProjects) = preSolution
		{DFCC7FAC-B2EF-412B-A565-61F38E94F76A} = {D68717E1-5A69-4034-83DC-7EF50AD48410}
		{AE05EA15-38B8-469A-8DAF-6737FA6ADFD9} = {352F1A04-AC48-4465-A72E-F6F6949A4F3A}
		{A3B26729-063C-4BFB-8F05-37BBD677F09A} = {D68717E1-5A69-4034-83DC-7EF50AD48410}
		{9C197440-5FD6-466C-B48D-C937DDEF466B} = {352F1A04-AC48-4465-A72E-F6F6949A4F3A}
	EndGlobalSection
EndGlobal
